// !$*UTF8*$!
{
	archiveVersion = 1;
	classes = {
	};
	objectVersion = 46;
	objects = {

/* Begin PBXBuildFile section */
		40FC3BBF1548B1EF007503CD /* Foundation.framework in Frameworks */ = {isa = PBXBuildFile; fileRef = 40FC3BBE1548B1EF007503CD /* Foundation.framework */; };
		40FC3BC11548B1EF007503CD /* UIKit.framework in Frameworks */ = {isa = PBXBuildFile; fileRef = 40FC3BC01548B1EF007503CD /* UIKit.framework */; };
		40FC3BC31548B1EF007503CD /* CoreGraphics.framework in Frameworks */ = {isa = PBXBuildFile; fileRef = 40FC3BC21548B1EF007503CD /* CoreGraphics.framework */; };
		40FC3BC51548B1EF007503CD /* AddressBook.framework in Frameworks */ = {isa = PBXBuildFile; fileRef = 40FC3BC41548B1EF007503CD /* AddressBook.framework */; };
		40FC3BC71548B1EF007503CD /* AddressBookUI.framework in Frameworks */ = {isa = PBXBuildFile; fileRef = 40FC3BC61548B1EF007503CD /* AddressBookUI.framework */; };
		40FC3BC91548B1EF007503CD /* AudioToolbox.framework in Frameworks */ = {isa = PBXBuildFile; fileRef = 40FC3BC81548B1EF007503CD /* AudioToolbox.framework */; };
		40FC3BCB1548B1EF007503CD /* AVFoundation.framework in Frameworks */ = {isa = PBXBuildFile; fileRef = 40FC3BCA1548B1EF007503CD /* AVFoundation.framework */; };
		40FC3BCD1548B1EF007503CD /* CoreLocation.framework in Frameworks */ = {isa = PBXBuildFile; fileRef = 40FC3BCC1548B1EF007503CD /* CoreLocation.framework */; };
		40FC3BCF1548B1EF007503CD /* MediaPlayer.framework in Frameworks */ = {isa = PBXBuildFile; fileRef = 40FC3BCE1548B1EF007503CD /* MediaPlayer.framework */; };
		40FC3BD11548B1EF007503CD /* QuartzCore.framework in Frameworks */ = {isa = PBXBuildFile; fileRef = 40FC3BD01548B1EF007503CD /* QuartzCore.framework */; };
		40FC3BD31548B1EF007503CD /* SystemConfiguration.framework in Frameworks */ = {isa = PBXBuildFile; fileRef = 40FC3BD21548B1EF007503CD /* SystemConfiguration.framework */; };
		40FC3BD51548B1EF007503CD /* MobileCoreServices.framework in Frameworks */ = {isa = PBXBuildFile; fileRef = 40FC3BD41548B1EF007503CD /* MobileCoreServices.framework */; };
		40FC3BD71548B1EF007503CD /* CoreMedia.framework in Frameworks */ = {isa = PBXBuildFile; fileRef = 40FC3BD61548B1EF007503CD /* CoreMedia.framework */; };
		40FC3BDD1548B1EF007503CD /* InfoPlist.strings in Resources */ = {isa = PBXBuildFile; fileRef = 40FC3BDB1548B1EF007503CD /* InfoPlist.strings */; };
		40FC3BDF1548B1EF007503CD /* main.m in Sources */ = {isa = PBXBuildFile; fileRef = 40FC3BDE1548B1EF007503CD /* main.m */; };
		40FC3BE21548B1EF007503CD /* Cordova.framework in Frameworks */ = {isa = PBXBuildFile; fileRef = 40FC3BE11548B1EF007503CD /* Cordova.framework */; };
		40FC3BE71548B1EF007503CD /* Localizable.strings in Resources */ = {isa = PBXBuildFile; fileRef = 40FC3BE51548B1EF007503CD /* Localizable.strings */; };
		40FC3BEB1548B1EF007503CD /* Localizable.strings in Resources */ = {isa = PBXBuildFile; fileRef = 40FC3BE91548B1EF007503CD /* Localizable.strings */; };
		40FC3BEF1548B1EF007503CD /* Localizable.strings in Resources */ = {isa = PBXBuildFile; fileRef = 40FC3BED1548B1EF007503CD /* Localizable.strings */; };
		40FC3BF31548B1EF007503CD /* Localizable.strings in Resources */ = {isa = PBXBuildFile; fileRef = 40FC3BF11548B1EF007503CD /* Localizable.strings */; };
		40FC3BF61548B1EF007503CD /* icon.png in Resources */ = {isa = PBXBuildFile; fileRef = 40FC3BF51548B1EF007503CD /* icon.png */; };
		40FC3BF81548B1EF007503CD /* icon@2x.png in Resources */ = {isa = PBXBuildFile; fileRef = 40FC3BF71548B1EF007503CD /* icon@2x.png */; };
		40FC3BFA1548B1EF007503CD /* icon-72.png in Resources */ = {isa = PBXBuildFile; fileRef = 40FC3BF91548B1EF007503CD /* icon-72.png */; };
		40FC3BFD1548B1EF007503CD /* Default.png in Resources */ = {isa = PBXBuildFile; fileRef = 40FC3BFC1548B1EF007503CD /* Default.png */; };
		40FC3BFF1548B1EF007503CD /* Default@2x.png in Resources */ = {isa = PBXBuildFile; fileRef = 40FC3BFE1548B1EF007503CD /* Default@2x.png */; };
		40FC3C011548B1EF007503CD /* Capture.bundle in Resources */ = {isa = PBXBuildFile; fileRef = 40FC3C001548B1EF007503CD /* Capture.bundle */; };
		40FC3C031548B1EF007503CD /* Cordova.plist in Resources */ = {isa = PBXBuildFile; fileRef = 40FC3C021548B1EF007503CD /* Cordova.plist */; };
		40FC3C071548B1EF007503CD /* AppDelegate.m in Sources */ = {isa = PBXBuildFile; fileRef = 40FC3C061548B1EF007503CD /* AppDelegate.m */; };
		40FC3C0A1548B1EF007503CD /* MainViewController.m in Sources */ = {isa = PBXBuildFile; fileRef = 40FC3C091548B1EF007503CD /* MainViewController.m */; };
		40FC3C0C1548B1EF007503CD /* MainViewController.xib in Resources */ = {isa = PBXBuildFile; fileRef = 40FC3C0B1548B1EF007503CD /* MainViewController.xib */; };
		40FC3C101548B1EF007503CD /* verify.sh in Resources */ = {isa = PBXBuildFile; fileRef = 40FC3C0F1548B1EF007503CD /* verify.sh */; };
		40FC3C171548B26B007503CD /* www in Resources */ = {isa = PBXBuildFile; fileRef = 40FC3C161548B26B007503CD /* www */; };
/* End PBXBuildFile section */

/* Begin PBXFileReference section */
		40FC3BBA1548B1EF007503CD /* MyApp.app */ = {isa = PBXFileReference; explicitFileType = wrapper.application; includeInIndex = 0; path = MyApp.app; sourceTree = BUILT_PRODUCTS_DIR; };
		40FC3BBE1548B1EF007503CD /* Foundation.framework */ = {isa = PBXFileReference; lastKnownFileType = wrapper.framework; name = Foundation.framework; path = System/Library/Frameworks/Foundation.framework; sourceTree = SDKROOT; };
		40FC3BC01548B1EF007503CD /* UIKit.framework */ = {isa = PBXFileReference; lastKnownFileType = wrapper.framework; name = UIKit.framework; path = System/Library/Frameworks/UIKit.framework; sourceTree = SDKROOT; };
		40FC3BC21548B1EF007503CD /* CoreGraphics.framework */ = {isa = PBXFileReference; lastKnownFileType = wrapper.framework; name = CoreGraphics.framework; path = System/Library/Frameworks/CoreGraphics.framework; sourceTree = SDKROOT; };
		40FC3BC41548B1EF007503CD /* AddressBook.framework */ = {isa = PBXFileReference; lastKnownFileType = wrapper.framework; name = AddressBook.framework; path = System/Library/Frameworks/AddressBook.framework; sourceTree = SDKROOT; };
		40FC3BC61548B1EF007503CD /* AddressBookUI.framework */ = {isa = PBXFileReference; lastKnownFileType = wrapper.framework; name = AddressBookUI.framework; path = System/Library/Frameworks/AddressBookUI.framework; sourceTree = SDKROOT; };
		40FC3BC81548B1EF007503CD /* AudioToolbox.framework */ = {isa = PBXFileReference; lastKnownFileType = wrapper.framework; name = AudioToolbox.framework; path = System/Library/Frameworks/AudioToolbox.framework; sourceTree = SDKROOT; };
		40FC3BCA1548B1EF007503CD /* AVFoundation.framework */ = {isa = PBXFileReference; lastKnownFileType = wrapper.framework; name = AVFoundation.framework; path = System/Library/Frameworks/AVFoundation.framework; sourceTree = SDKROOT; };
		40FC3BCC1548B1EF007503CD /* CoreLocation.framework */ = {isa = PBXFileReference; lastKnownFileType = wrapper.framework; name = CoreLocation.framework; path = System/Library/Frameworks/CoreLocation.framework; sourceTree = SDKROOT; };
		40FC3BCE1548B1EF007503CD /* MediaPlayer.framework */ = {isa = PBXFileReference; lastKnownFileType = wrapper.framework; name = MediaPlayer.framework; path = System/Library/Frameworks/MediaPlayer.framework; sourceTree = SDKROOT; };
		40FC3BD01548B1EF007503CD /* QuartzCore.framework */ = {isa = PBXFileReference; lastKnownFileType = wrapper.framework; name = QuartzCore.framework; path = System/Library/Frameworks/QuartzCore.framework; sourceTree = SDKROOT; };
		40FC3BD21548B1EF007503CD /* SystemConfiguration.framework */ = {isa = PBXFileReference; lastKnownFileType = wrapper.framework; name = SystemConfiguration.framework; path = System/Library/Frameworks/SystemConfiguration.framework; sourceTree = SDKROOT; };
		40FC3BD41548B1EF007503CD /* MobileCoreServices.framework */ = {isa = PBXFileReference; lastKnownFileType = wrapper.framework; name = MobileCoreServices.framework; path = System/Library/Frameworks/MobileCoreServices.framework; sourceTree = SDKROOT; };
		40FC3BD61548B1EF007503CD /* CoreMedia.framework */ = {isa = PBXFileReference; lastKnownFileType = wrapper.framework; name = CoreMedia.framework; path = System/Library/Frameworks/CoreMedia.framework; sourceTree = SDKROOT; };
		40FC3BDA1548B1EF007503CD /* MyApp-Info.plist */ = {isa = PBXFileReference; lastKnownFileType = text.plist.xml; path = "MyApp-Info.plist"; sourceTree = "<group>"; };
		40FC3BDC1548B1EF007503CD /* en */ = {isa = PBXFileReference; lastKnownFileType = text.plist.strings; name = en; path = en.lproj/InfoPlist.strings; sourceTree = "<group>"; };
		40FC3BDE1548B1EF007503CD /* main.m */ = {isa = PBXFileReference; lastKnownFileType = sourcecode.c.objc; path = main.m; sourceTree = "<group>"; };
		40FC3BE01548B1EF007503CD /* MyApp-Prefix.pch */ = {isa = PBXFileReference; lastKnownFileType = sourcecode.c.h; path = "MyApp-Prefix.pch"; sourceTree = "<group>"; };
		40FC3BE11548B1EF007503CD /* Cordova.framework */ = {isa = PBXFileReference; lastKnownFileType = wrapper.framework; name = Cordova.framework; path = /Users/Shared/Cordova/Frameworks/Cordova.framework; sourceTree = "<absolute>"; };
		40FC3BE61548B1EF007503CD /* en */ = {isa = PBXFileReference; lastKnownFileType = text.plist.strings; name = en; path = Resources/en.lproj/Localizable.strings; sourceTree = "<group>"; };
		40FC3BEA1548B1EF007503CD /* es */ = {isa = PBXFileReference; lastKnownFileType = text.plist.strings; name = es; path = Resources/es.lproj/Localizable.strings; sourceTree = "<group>"; };
		40FC3BEE1548B1EF007503CD /* de */ = {isa = PBXFileReference; lastKnownFileType = text.plist.strings; name = de; path = Resources/de.lproj/Localizable.strings; sourceTree = "<group>"; };
		40FC3BF21548B1EF007503CD /* se */ = {isa = PBXFileReference; lastKnownFileType = text.plist.strings; name = se; path = Resources/se.lproj/Localizable.strings; sourceTree = "<group>"; };
		40FC3BF51548B1EF007503CD /* icon.png */ = {isa = PBXFileReference; lastKnownFileType = image.png; name = icon.png; path = Resources/icons/icon.png; sourceTree = "<group>"; };
		40FC3BF71548B1EF007503CD /* icon@2x.png */ = {isa = PBXFileReference; lastKnownFileType = image.png; name = "icon@2x.png"; path = "Resources/icons/icon@2x.png"; sourceTree = "<group>"; };
		40FC3BF91548B1EF007503CD /* icon-72.png */ = {isa = PBXFileReference; lastKnownFileType = image.png; name = "icon-72.png"; path = "Resources/icons/icon-72.png"; sourceTree = "<group>"; };
		40FC3BFC1548B1EF007503CD /* Default.png */ = {isa = PBXFileReference; lastKnownFileType = image.png; name = Default.png; path = Resources/splash/Default.png; sourceTree = "<group>"; };
		40FC3BFE1548B1EF007503CD /* Default@2x.png */ = {isa = PBXFileReference; lastKnownFileType = image.png; name = "Default@2x.png"; path = "Resources/splash/Default@2x.png"; sourceTree = "<group>"; };
		40FC3C001548B1EF007503CD /* Capture.bundle */ = {isa = PBXFileReference; lastKnownFileType = "wrapper.plug-in"; name = Capture.bundle; path = Resources/Capture.bundle; sourceTree = "<group>"; };
		40FC3C021548B1EF007503CD /* Cordova.plist */ = {isa = PBXFileReference; lastKnownFileType = text.plist.xml; path = Cordova.plist; sourceTree = "<group>"; };
		40FC3C051548B1EF007503CD /* AppDelegate.h */ = {isa = PBXFileReference; lastKnownFileType = sourcecode.c.h; name = AppDelegate.h; path = Classes/AppDelegate.h; sourceTree = "<group>"; };
		40FC3C061548B1EF007503CD /* AppDelegate.m */ = {isa = PBXFileReference; lastKnownFileType = sourcecode.c.objc; name = AppDelegate.m; path = Classes/AppDelegate.m; sourceTree = "<group>"; };
		40FC3C081548B1EF007503CD /* MainViewController.h */ = {isa = PBXFileReference; lastKnownFileType = sourcecode.c.h; name = MainViewController.h; path = Classes/MainViewController.h; sourceTree = "<group>"; };
		40FC3C091548B1EF007503CD /* MainViewController.m */ = {isa = PBXFileReference; lastKnownFileType = sourcecode.c.objc; name = MainViewController.m; path = Classes/MainViewController.m; sourceTree = "<group>"; };
		40FC3C0B1548B1EF007503CD /* MainViewController.xib */ = {isa = PBXFileReference; lastKnownFileType = file.xib; name = MainViewController.xib; path = Classes/MainViewController.xib; sourceTree = "<group>"; };
		40FC3C0E1548B1EF007503CD /* README */ = {isa = PBXFileReference; lastKnownFileType = text; name = README; path = Plugins/README; sourceTree = "<group>"; };
		40FC3C0F1548B1EF007503CD /* verify.sh */ = {isa = PBXFileReference; lastKnownFileType = text.script.sh; path = verify.sh; sourceTree = "<group>"; };
		40FC3C161548B26B007503CD /* www */ = {isa = PBXFileReference; lastKnownFileType = folder; path = www; sourceTree = "<group>"; };
/* End PBXFileReference section */

/* Begin PBXFrameworksBuildPhase section */
		40FC3BB41548B1EF007503CD /* Frameworks */ = {
			isa = PBXFrameworksBuildPhase;
			buildActionMask = 2147483647;
			files = (
				40FC3BBF1548B1EF007503CD /* Foundation.framework in Frameworks */,
				40FC3BC11548B1EF007503CD /* UIKit.framework in Frameworks */,
				40FC3BC31548B1EF007503CD /* CoreGraphics.framework in Frameworks */,
				40FC3BC51548B1EF007503CD /* AddressBook.framework in Frameworks */,
				40FC3BC71548B1EF007503CD /* AddressBookUI.framework in Frameworks */,
				40FC3BC91548B1EF007503CD /* AudioToolbox.framework in Frameworks */,
				40FC3BCB1548B1EF007503CD /* AVFoundation.framework in Frameworks */,
				40FC3BCD1548B1EF007503CD /* CoreLocation.framework in Frameworks */,
				40FC3BCF1548B1EF007503CD /* MediaPlayer.framework in Frameworks */,
				40FC3BD11548B1EF007503CD /* QuartzCore.framework in Frameworks */,
				40FC3BD31548B1EF007503CD /* SystemConfiguration.framework in Frameworks */,
				40FC3BD51548B1EF007503CD /* MobileCoreServices.framework in Frameworks */,
				40FC3BD71548B1EF007503CD /* CoreMedia.framework in Frameworks */,
				40FC3BE21548B1EF007503CD /* Cordova.framework in Frameworks */,
			);
			runOnlyForDeploymentPostprocessing = 0;
		};
		40FC3BB71548B1EF007503CD /* Frameworks */ = {
			isa = PBXFrameworksBuildPhase;
			buildActionMask = 2147483647;
			files = (
			);
			runOnlyForDeploymentPostprocessing = 0;
		};
/* End PBXFrameworksBuildPhase section */

/* Begin PBXGroup section */
		40FC3BAC1548B1EF007503CD = {
			isa = PBXGroup;
			children = (
				40FC3C161548B26B007503CD /* www */,
				40FC3BD81548B1EF007503CD /* MyApp */,
				40FC3BBD1548B1EF007503CD /* Frameworks */,
				40FC3BBB1548B1EF007503CD /* Products */,
			);
			sourceTree = "<group>";
		};
		40FC3BBB1548B1EF007503CD /* Products */ = {
			isa = PBXGroup;
			children = (
				40FC3BBA1548B1EF007503CD /* MyApp.app */,
			);
			name = Products;
			sourceTree = "<group>";
		};
		40FC3BBD1548B1EF007503CD /* Frameworks */ = {
			isa = PBXGroup;
			children = (
				40FC3BBE1548B1EF007503CD /* Foundation.framework */,
				40FC3BC01548B1EF007503CD /* UIKit.framework */,
				40FC3BC21548B1EF007503CD /* CoreGraphics.framework */,
				40FC3BC41548B1EF007503CD /* AddressBook.framework */,
				40FC3BC61548B1EF007503CD /* AddressBookUI.framework */,
				40FC3BC81548B1EF007503CD /* AudioToolbox.framework */,
				40FC3BCA1548B1EF007503CD /* AVFoundation.framework */,
				40FC3BCC1548B1EF007503CD /* CoreLocation.framework */,
				40FC3BCE1548B1EF007503CD /* MediaPlayer.framework */,
				40FC3BD01548B1EF007503CD /* QuartzCore.framework */,
				40FC3BD21548B1EF007503CD /* SystemConfiguration.framework */,
				40FC3BD41548B1EF007503CD /* MobileCoreServices.framework */,
				40FC3BD61548B1EF007503CD /* CoreMedia.framework */,
			);
			name = Frameworks;
			sourceTree = "<group>";
		};
		40FC3BD81548B1EF007503CD /* MyApp */ = {
			isa = PBXGroup;
			children = (
				40FC3BE11548B1EF007503CD /* Cordova.framework */,
				40FC3BE31548B1EF007503CD /* Resources */,
				40FC3C041548B1EF007503CD /* Classes */,
				40FC3C0D1548B1EF007503CD /* Plugins */,
				40FC3BD91548B1EF007503CD /* Supporting Files */,
			);
			path = MyApp;
			sourceTree = "<group>";
		};
		40FC3BD91548B1EF007503CD /* Supporting Files */ = {
			isa = PBXGroup;
			children = (
				40FC3BDA1548B1EF007503CD /* MyApp-Info.plist */,
				40FC3BDB1548B1EF007503CD /* InfoPlist.strings */,
				40FC3BDE1548B1EF007503CD /* main.m */,
				40FC3BE01548B1EF007503CD /* MyApp-Prefix.pch */,
				40FC3C021548B1EF007503CD /* Cordova.plist */,
				40FC3C0B1548B1EF007503CD /* MainViewController.xib */,
				40FC3C0F1548B1EF007503CD /* verify.sh */,
			);
			name = "Supporting Files";
			sourceTree = "<group>";
		};
		40FC3BE31548B1EF007503CD /* Resources */ = {
			isa = PBXGroup;
			children = (
				40FC3C001548B1EF007503CD /* Capture.bundle */,
				40FC3BE41548B1EF007503CD /* en.lproj */,
				40FC3BE81548B1EF007503CD /* es.lproj */,
				40FC3BEC1548B1EF007503CD /* de.lproj */,
				40FC3BF01548B1EF007503CD /* se.lproj */,
				40FC3BF41548B1EF007503CD /* icons */,
				40FC3BFB1548B1EF007503CD /* splash */,
			);
			name = Resources;
			sourceTree = "<group>";
		};
		40FC3BE41548B1EF007503CD /* en.lproj */ = {
			isa = PBXGroup;
			children = (
				40FC3BE51548B1EF007503CD /* Localizable.strings */,
			);
			name = en.lproj;
			sourceTree = "<group>";
		};
		40FC3BE81548B1EF007503CD /* es.lproj */ = {
			isa = PBXGroup;
			children = (
				40FC3BE91548B1EF007503CD /* Localizable.strings */,
			);
			name = es.lproj;
			sourceTree = "<group>";
		};
		40FC3BEC1548B1EF007503CD /* de.lproj */ = {
			isa = PBXGroup;
			children = (
				40FC3BED1548B1EF007503CD /* Localizable.strings */,
			);
			name = de.lproj;
			sourceTree = "<group>";
		};
		40FC3BF01548B1EF007503CD /* se.lproj */ = {
			isa = PBXGroup;
			children = (
				40FC3BF11548B1EF007503CD /* Localizable.strings */,
			);
			name = se.lproj;
			sourceTree = "<group>";
		};
		40FC3BF41548B1EF007503CD /* icons */ = {
			isa = PBXGroup;
			children = (
				40FC3BF51548B1EF007503CD /* icon.png */,
				40FC3BF71548B1EF007503CD /* icon@2x.png */,
				40FC3BF91548B1EF007503CD /* icon-72.png */,
			);
			name = icons;
			sourceTree = "<group>";
		};
		40FC3BFB1548B1EF007503CD /* splash */ = {
			isa = PBXGroup;
			children = (
				40FC3BFC1548B1EF007503CD /* Default.png */,
				40FC3BFE1548B1EF007503CD /* Default@2x.png */,
			);
			name = splash;
			sourceTree = "<group>";
		};
		40FC3C041548B1EF007503CD /* Classes */ = {
			isa = PBXGroup;
			children = (
				40FC3C051548B1EF007503CD /* AppDelegate.h */,
				40FC3C061548B1EF007503CD /* AppDelegate.m */,
				40FC3C081548B1EF007503CD /* MainViewController.h */,
				40FC3C091548B1EF007503CD /* MainViewController.m */,
			);
			name = Classes;
			sourceTree = "<group>";
		};
		40FC3C0D1548B1EF007503CD /* Plugins */ = {
			isa = PBXGroup;
			children = (
				40FC3C0E1548B1EF007503CD /* README */,
			);
			name = Plugins;
			sourceTree = "<group>";
		};
/* End PBXGroup section */

/* Begin PBXNativeTarget section */
		40FC3BB91548B1EF007503CD /* MyApp */ = {
			isa = PBXNativeTarget;
			buildConfigurationList = 40FC3C131548B1EF007503CD /* Build configuration list for PBXNativeTarget "MyApp" */;
			buildPhases = (
				40FC3BB31548B1EF007503CD /* Sources */,
				40FC3BB41548B1EF007503CD /* Frameworks */,
				40FC3BB51548B1EF007503CD /* Resources */,
				40FC3BB61548B1EF007503CD /* Sources */,
				40FC3BB71548B1EF007503CD /* Frameworks */,
				40FC3BB81548B1EF007503CD /* ShellScript */,
			);
			buildRules = (
			);
			dependencies = (
			);
			name = MyApp;
			productName = MyApp;
			productReference = 40FC3BBA1548B1EF007503CD /* MyApp.app */;
			productType = "com.apple.product-type.application";
		};
/* End PBXNativeTarget section */

/* Begin PBXProject section */
		40FC3BAE1548B1EF007503CD /* Project object */ = {
			isa = PBXProject;
			attributes = {
				LastUpgradeCheck = 0430;
			};
			buildConfigurationList = 40FC3BB11548B1EF007503CD /* Build configuration list for PBXProject "MyApp" */;
			compatibilityVersion = "Xcode 3.2";
			developmentRegion = English;
			hasScannedForEncodings = 0;
			knownRegions = (
				en,
				es,
				de,
				se,
			);
			mainGroup = 40FC3BAC1548B1EF007503CD;
			productRefGroup = 40FC3BBB1548B1EF007503CD /* Products */;
			projectDirPath = "";
			projectRoot = "";
			targets = (
				40FC3BB91548B1EF007503CD /* MyApp */,
			);
		};
/* End PBXProject section */

/* Begin PBXResourcesBuildPhase section */
		40FC3BB51548B1EF007503CD /* Resources */ = {
			isa = PBXResourcesBuildPhase;
			buildActionMask = 2147483647;
			files = (
				40FC3BDD1548B1EF007503CD /* InfoPlist.strings in Resources */,
				40FC3BE71548B1EF007503CD /* Localizable.strings in Resources */,
				40FC3BEB1548B1EF007503CD /* Localizable.strings in Resources */,
				40FC3BEF1548B1EF007503CD /* Localizable.strings in Resources */,
				40FC3BF31548B1EF007503CD /* Localizable.strings in Resources */,
				40FC3BF61548B1EF007503CD /* icon.png in Resources */,
				40FC3BF81548B1EF007503CD /* icon@2x.png in Resources */,
				40FC3BFA1548B1EF007503CD /* icon-72.png in Resources */,
				40FC3BFD1548B1EF007503CD /* Default.png in Resources */,
				40FC3BFF1548B1EF007503CD /* Default@2x.png in Resources */,
				40FC3C011548B1EF007503CD /* Capture.bundle in Resources */,
				40FC3C031548B1EF007503CD /* Cordova.plist in Resources */,
				40FC3C0C1548B1EF007503CD /* MainViewController.xib in Resources */,
				40FC3C101548B1EF007503CD /* verify.sh in Resources */,
				40FC3C171548B26B007503CD /* www in Resources */,
			);
			runOnlyForDeploymentPostprocessing = 0;
		};
/* End PBXResourcesBuildPhase section */

/* Begin PBXShellScriptBuildPhase section */
		40FC3BB81548B1EF007503CD /* ShellScript */ = {
			isa = PBXShellScriptBuildPhase;
			buildActionMask = 2147483647;
			files = (
			);
			inputPaths = (
			);
			outputPaths = (
			);
			runOnlyForDeploymentPostprocessing = 0;
			shellPath = /bin/bash;
			shellScript = "\n\t\t\t\t\t\t\t\tchmod 755 \"$PROJECT_DIR/$PROJECT_NAME/verify.sh\"\n\t\t\t\t\t\t\t\t\"$PROJECT_DIR/$PROJECT_NAME/verify.sh\"\n\t\t\t\t\t";
		};
/* End PBXShellScriptBuildPhase section */

/* Begin PBXSourcesBuildPhase section */
		40FC3BB31548B1EF007503CD /* Sources */ = {
			isa = PBXSourcesBuildPhase;
			buildActionMask = 2147483647;
			files = (
				40FC3BDF1548B1EF007503CD /* main.m in Sources */,
				40FC3C071548B1EF007503CD /* AppDelegate.m in Sources */,
				40FC3C0A1548B1EF007503CD /* MainViewController.m in Sources */,
			);
			runOnlyForDeploymentPostprocessing = 0;
		};
		40FC3BB61548B1EF007503CD /* Sources */ = {
			isa = PBXSourcesBuildPhase;
			buildActionMask = 2147483647;
			files = (
			);
			runOnlyForDeploymentPostprocessing = 0;
		};
/* End PBXSourcesBuildPhase section */

/* Begin PBXVariantGroup section */
		40FC3BDB1548B1EF007503CD /* InfoPlist.strings */ = {
			isa = PBXVariantGroup;
			children = (
				40FC3BDC1548B1EF007503CD /* en */,
			);
			name = InfoPlist.strings;
			sourceTree = "<group>";
		};
		40FC3BE51548B1EF007503CD /* Localizable.strings */ = {
			isa = PBXVariantGroup;
			children = (
				40FC3BE61548B1EF007503CD /* en */,
			);
			name = Localizable.strings;
			sourceTree = "<group>";
		};
		40FC3BE91548B1EF007503CD /* Localizable.strings */ = {
			isa = PBXVariantGroup;
			children = (
				40FC3BEA1548B1EF007503CD /* es */,
			);
			name = Localizable.strings;
			sourceTree = "<group>";
		};
		40FC3BED1548B1EF007503CD /* Localizable.strings */ = {
			isa = PBXVariantGroup;
			children = (
				40FC3BEE1548B1EF007503CD /* de */,
			);
			name = Localizable.strings;
			sourceTree = "<group>";
		};
		40FC3BF11548B1EF007503CD /* Localizable.strings */ = {
			isa = PBXVariantGroup;
			children = (
				40FC3BF21548B1EF007503CD /* se */,
			);
			name = Localizable.strings;
			sourceTree = "<group>";
		};
/* End PBXVariantGroup section */

/* Begin XCBuildConfiguration section */
		40FC3C111548B1EF007503CD /* Debug */ = {
			isa = XCBuildConfiguration;
			buildSettings = {
				ALWAYS_SEARCH_USER_PATHS = NO;
				ARCHS = (
					armv6,
					"$(ARCHS_STANDARD_32_BIT)",
				);
				"CODE_SIGN_IDENTITY[sdk=iphoneos*]" = "iPhone Developer";
				COPY_PHASE_STRIP = NO;
				GCC_C_LANGUAGE_STANDARD = gnu99;
				GCC_DYNAMIC_NO_PIC = NO;
				GCC_OPTIMIZATION_LEVEL = 0;
				GCC_PREPROCESSOR_DEFINITIONS = (
					"DEBUG=1",
					"$(inherited)",
				);
				GCC_SYMBOLS_PRIVATE_EXTERN = NO;
				GCC_VERSION = com.apple.compilers.llvm.clang.1_0;
				GCC_WARN_ABOUT_RETURN_TYPE = YES;
				GCC_WARN_UNINITIALIZED_AUTOS = YES;
				GCC_WARN_UNUSED_VARIABLE = YES;
				IPHONEOS_DEPLOYMENT_TARGET = 3.0;
				SDKROOT = iphoneos;
			};
			name = Debug;
		};
		40FC3C121548B1EF007503CD /* Release */ = {
			isa = XCBuildConfiguration;
			buildSettings = {
				ALWAYS_SEARCH_USER_PATHS = NO;
				ARCHS = (
					armv6,
					"$(ARCHS_STANDARD_32_BIT)",
				);
				"CODE_SIGN_IDENTITY[sdk=iphoneos*]" = "iPhone Developer";
				COPY_PHASE_STRIP = YES;
				GCC_C_LANGUAGE_STANDARD = gnu99;
				GCC_VERSION = com.apple.compilers.llvm.clang.1_0;
				GCC_WARN_ABOUT_RETURN_TYPE = YES;
				GCC_WARN_UNINITIALIZED_AUTOS = YES;
				GCC_WARN_UNUSED_VARIABLE = YES;
				IPHONEOS_DEPLOYMENT_TARGET = 3.0;
				SDKROOT = iphoneos;
				VALIDATE_PRODUCT = YES;
			};
			name = Release;
		};
		40FC3C141548B1EF007503CD /* Debug */ = {
			isa = XCBuildConfiguration;
			buildSettings = {
				ALWAYS_SEARCH_USER_PATHS = YES;
				COPY_PHASE_STRIP = NO;
				FRAMEWORK_SEARCH_PATHS = /Users/Shared/Cordova/Frameworks;
				GCC_DYNAMIC_NO_PIC = NO;
				GCC_PRECOMPILE_PREFIX_HEADER = YES;
				GCC_PREFIX_HEADER = "MyApp/MyApp-Prefix.pch";
				GCC_PREPROCESSOR_DEFINITIONS = (
					"DEBUG=1,",
					"CORDOVA_FRAMEWORK=1",
				);
				INFOPLIST_FILE = "MyApp/MyApp-Info.plist";
				OTHER_LDFLAGS = (
					"-weak_framework",
					UIKit,
					"-weak_framework",
					AVFoundation,
					"-weak_framework",
					CoreMedia,
					"-weak_library",
					/usr/lib/libSystem.B.dylib,
				);
				PRODUCT_NAME = "$(TARGET_NAME)";
				TARGETED_DEVICE_FAMILY = "1,2";
				WRAPPER_EXTENSION = app;
			};
			name = Debug;
		};
		40FC3C151548B1EF007503CD /* Release */ = {
			isa = XCBuildConfiguration;
			buildSettings = {
				ALWAYS_SEARCH_USER_PATHS = YES;
				COPY_PHASE_STRIP = YES;
				DEBUG_INFORMATION_FORMAT = "dwarf-with-dsym";
				FRAMEWORK_SEARCH_PATHS = /Users/Shared/Cordova/Frameworks;
				GCC_PRECOMPILE_PREFIX_HEADER = YES;
				GCC_PREFIX_HEADER = "MyApp/MyApp-Prefix.pch";
				GCC_PREPROCESSOR_DEFINITIONS = (
					"NDEBUG=1,",
					"CORDOVA_FRAMEWORK=1",
				);
				INFOPLIST_FILE = "MyApp/MyApp-Info.plist";
				OTHER_LDFLAGS = (
					"-weak_framework",
					UIKit,
					"-weak_framework",
					AVFoundation,
					"-weak_framework",
					CoreMedia,
					"-weak_library",
					/usr/lib/libSystem.B.dylib,
				);
				PRODUCT_NAME = "$(TARGET_NAME)";
				TARGETED_DEVICE_FAMILY = "1,2";
				VALIDATE_PRODUCT = YES;
				WRAPPER_EXTENSION = app;
			};
			name = Release;
		};
/* End XCBuildConfiguration section */

/* Begin XCConfigurationList section */
		40FC3BB11548B1EF007503CD /* Build configuration list for PBXProject "MyApp" */ = {
			isa = XCConfigurationList;
			buildConfigurations = (
				40FC3C111548B1EF007503CD /* Debug */,
				40FC3C121548B1EF007503CD /* Release */,
			);
			defaultConfigurationIsVisible = 0;
			defaultConfigurationName = Release;
		};
		40FC3C131548B1EF007503CD /* Build configuration list for PBXNativeTarget "MyApp" */ = {
			isa = XCConfigurationList;
			buildConfigurations = (
				40FC3C141548B1EF007503CD /* Debug */,
				40FC3C151548B1EF007503CD /* Release */,
			);
			defaultConfigurationIsVisible = 0;
			defaultConfigurationName = Release;
		};
/* End XCConfigurationList section */
	};
	rootObject = 40FC3BAE1548B1EF007503CD /* Project object */;
}
